
Microsoft Visual Studio Solution File, Format Version 12.00
# Visual Studio 15
VisualStudioVersion = 15.0.27004.2008
MinimumVisualStudioVersion = 10.0.40219.1
Project("{FAE04EC0-301F-11D3-BF4B-00C04F79EFBC}") = "StateMachine", "StateMachine\StateMachine.csproj", "{4B934F61-64F6-4AA2-B443-E3C4040EAC68}"
EndProject
Global
	GlobalSection(SolutionConfigurationPlatforms) = preSolution
		Debug|Any CPU = Debug|Any CPU
		Release|Any CPU = Release|Any CPU
	EndGlobalSection
	GlobalSection(ProjectConfigurationPlatforms) = postSolution
		{4B934F61-64F6-4AA2-B443-E3C4040EAC68}.Debug|Any CPU.ActiveCfg = Debug|Any CPU
		{4B934F61-64F6-4AA2-B443-E3C4040EAC68}.Debug|Any CPU.Build.0 = Debug|Any CPU
		{4B934F61-64F6-4AA2-B443-E3C4040EAC68}.Release|Any CPU.ActiveCfg = Release|Any CPU
		{4B934F61-64F6-4AA2-B443-E3C4040EAC68}.Release|Any CPU.Build.0 = Release|Any CPU
	EndGlobalSection
	GlobalSection(SolutionProperties) = preSolution
		HideSolutionNode = FALSE
	EndGlobalSection
	GlobalSection(ExtensibilityGlobals) = postSolution
		SolutionGuid = {50E10902-C055-4B0F-BE15-09EDD6464794}
	EndGlobalSection
EndGlobal
